
Microsoft Visual Studio Solution File, Format Version 12.00
# Visual Studio Version 16
VisualStudioVersion = 16.0.29613.14
MinimumVisualStudioVersion = 10.0.40219.1
Project("{FAE04EC0-301F-11D3-BF4B-00C04F79EFBC}") = "CrcSample", "CrcSample\CrcSample.csproj", "{3677E0E6-F31A-47F0-9FCF-914932B2CE48}"
EndProject
Global
	GlobalSection(SolutionConfigurationPlatforms) = preSolution
		Debug|Any CPU = Debug|Any CPU
		Release|Any CPU = Release|Any CPU
	EndGlobalSection
	GlobalSection(ProjectConfigurationPlatforms) = postSolution
		{3677E0E6-F31A-47F0-9FCF-914932B2CE48}.Debug|Any CPU.ActiveCfg = Debug|Any CPU
		{3677E0E6-F31A-47F0-9FCF-914932B2CE48}.Debug|Any CPU.Build.0 = Debug|Any CPU
		{3677E0E6-F31A-47F0-9FCF-914932B2CE48}.Release|Any CPU.ActiveCfg = Release|Any CPU
		{3677E0E6-F31A-47F0-9FCF-914932B2CE48}.Release|Any CPU.Build.0 = Release|Any CPU
	EndGlobalSection
	GlobalSection(SolutionProperties) = preSolution
		HideSolutionNode = FALSE
	EndGlobalSection
	GlobalSection(ExtensibilityGlobals) = postSolution
		SolutionGuid = {26968056-A885-4474-A2D8-0AB0066C159C}
	EndGlobalSection
EndGlobal
